
Microsoft Visual Studio Solution File, Format Version 12.00
# Visual Studio Version 16
VisualStudioVersion = 16.0.30907.101
MinimumVisualStudioVersion = 10.0.40219.1
Project("{FAE04EC0-301F-11D3-BF4B-00C04F79EFBC}") = "AplikaceNasa", "AplikaceNasa.csproj", "{0A466DC9-328F-4689-84CD-297DD4564BBA}"
EndProject
Global
	GlobalSection(SolutionConfigurationPlatforms) = preSolution
		Debug|Any CPU = Debug|Any CPU
		Release|Any CPU = Release|Any CPU
	EndGlobalSection
	GlobalSection(ProjectConfigurationPlatforms) = postSolution
		{0A466DC9-328F-4689-84CD-297DD4564BBA}.Debug|Any CPU.ActiveCfg = Debug|Any CPU
		{0A466DC9-328F-4689-84CD-297DD4564BBA}.Debug|Any CPU.Build.0 = Debug|Any CPU
		{0A466DC9-328F-4689-84CD-297DD4564BBA}.Release|Any CPU.ActiveCfg = Release|Any CPU
		{0A466DC9-328F-4689-84CD-297DD4564BBA}.Release|Any CPU.Build.0 = Release|Any CPU
	EndGlobalSection
	GlobalSection(SolutionProperties) = preSolution
		HideSolutionNode = FALSE
	EndGlobalSection
	GlobalSection(ExtensibilityGlobals) = postSolution
		SolutionGuid = {4D65715E-FCFE-49BF-B22C-2524063EFD2D}
	EndGlobalSection
EndGlobal
